PODS:
  - Alamofire (4.8.2)
  - Outlaw (2.0.1)
  - SwiftLint (0.32.0)

DEPENDENCIES:
  - Alamofire
  - Outlaw (from `https://github.com/Molbie/Outlaw.git`, tag `4.0.0`)
  - SwiftLint

SPEC REPOS:
  https://github.com/cocoapods/specs.git:
    - Alamofire
    - SwiftLint

EXTERNAL SOURCES:
  Outlaw:
    :git: https://github.com/Molbie/Outlaw.git
    :tag: 4.0.0

CHECKOUT OPTIONS:
  Outlaw:
    :git: https://github.com/Molbie/Outlaw.git
    :tag: 4.0.0

SPEC CHECKSUMS:
  Alamofire: ae5c501addb7afdbb13687d7f2f722c78734c2d3
  Outlaw: bb23a6409a388edee14491077cb276192103a728
  SwiftLint: 009a898ef2a1c851f45e1b59349bf6ff2ddc990d

PODFILE CHECKSUM: 110f7ef849380ac1ff2739eb9b6393ac61e445b6

COCOAPODS: 1.7.1
